
Microsoft Visual Studio Solution File, Format Version 12.00
# Visual Studio Version 17
VisualStudioVersion = 17.3.32819.101
MinimumVisualStudioVersion = 10.0.40219.1
Project("{9A19103F-16F7-4668-BE54-9A1E7A4F7556}") = "SudokuPlayer", "SudokuPlayer\SudokuPlayer.csproj", "{5BDCE964-B56A-4B24-B806-36283481304E}"
EndProject
Project("{9A19103F-16F7-4668-BE54-9A1E7A4F7556}") = "SudokuEngine", "SudokuEngine\SudokuEngine.csproj", "{F777E29B-0A93-4668-BB87-FBCAD8993C7D}"
EndProject
Global
	GlobalSection(SolutionConfigurationPlatforms) = preSolution
		Debug|Any CPU = Debug|Any CPU
		Release|Any CPU = Release|Any CPU
	EndGlobalSection
	GlobalSection(ProjectConfigurationPlatforms) = postSolution
		{5BDCE964-B56A-4B24-B806-36283481304E}.Debug|Any CPU.ActiveCfg = Debug|Any CPU
		{5BDCE964-B56A-4B24-B806-36283481304E}.Debug|Any CPU.Build.0 = Debug|Any CPU
		{5BDCE964-B56A-4B24-B806-36283481304E}.Release|Any CPU.ActiveCfg = Release|Any CPU
		{5BDCE964-B56A-4B24-B806-36283481304E}.Release|Any CPU.Build.0 = Release|Any CPU
		{F777E29B-0A93-4668-BB87-FBCAD8993C7D}.Debug|Any CPU.ActiveCfg = Debug|Any CPU
		{F777E29B-0A93-4668-BB87-FBCAD8993C7D}.Debug|Any CPU.Build.0 = Debug|Any CPU
		{F777E29B-0A93-4668-BB87-FBCAD8993C7D}.Release|Any CPU.ActiveCfg = Release|Any CPU
		{F777E29B-0A93-4668-BB87-FBCAD8993C7D}.Release|Any CPU.Build.0 = Release|Any CPU
	EndGlobalSection
	GlobalSection(SolutionProperties) = preSolution
		HideSolutionNode = FALSE
	EndGlobalSection
	GlobalSection(ExtensibilityGlobals) = postSolution
		SolutionGuid = {6C0C0D7D-4029-4034-BB1B-08614465B4D7}
	EndGlobalSection
EndGlobal
